
Microsoft Visual Studio Solution File, Format Version 12.00
# Visual Studio 2012
Project("{FAE04EC0-301F-11D3-BF4B-00C04F79EFBC}") = "kelime_oyunu", "kelime_oyunu\kelime_oyunu.csproj", "{FB35DE5E-68B3-48EC-BF1D-7068536DCF40}"
EndProject
Project("{FAE04EC0-301F-11D3-BF4B-00C04F79EFBC}") = "kelime_oyunu.Web", "kelime_oyunu.Web\kelime_oyunu.Web.csproj", "{7604331E-BC02-4D0C-B9FF-2A46693D45BC}"
EndProject
Global
	GlobalSection(SolutionConfigurationPlatforms) = preSolution
		Debug|Any CPU = Debug|Any CPU
		Release|Any CPU = Release|Any CPU
	EndGlobalSection
	GlobalSection(ProjectConfigurationPlatforms) = postSolution
		{FB35DE5E-68B3-48EC-BF1D-7068536DCF40}.Debug|Any CPU.ActiveCfg = Debug|Any CPU
		{FB35DE5E-68B3-48EC-BF1D-7068536DCF40}.Debug|Any CPU.Build.0 = Debug|Any CPU
		{FB35DE5E-68B3-48EC-BF1D-7068536DCF40}.Release|Any CPU.ActiveCfg = Release|Any CPU
		{FB35DE5E-68B3-48EC-BF1D-7068536DCF40}.Release|Any CPU.Build.0 = Release|Any CPU
		{7604331E-BC02-4D0C-B9FF-2A46693D45BC}.Debug|Any CPU.ActiveCfg = Debug|Any CPU
		{7604331E-BC02-4D0C-B9FF-2A46693D45BC}.Debug|Any CPU.Build.0 = Debug|Any CPU
		{7604331E-BC02-4D0C-B9FF-2A46693D45BC}.Release|Any CPU.ActiveCfg = Release|Any CPU
		{7604331E-BC02-4D0C-B9FF-2A46693D45BC}.Release|Any CPU.Build.0 = Release|Any CPU
	EndGlobalSection
	GlobalSection(SolutionProperties) = preSolution
		HideSolutionNode = FALSE
	EndGlobalSection
EndGlobal
